# THIS IS AN AUTOGENERATED FILE. DO NOT EDIT THIS FILE DIRECTLY.
# yarn lockfile v1


"@types/node@^18.7.18":
  "integrity" "sha512-m+6nTEOadJZuTPkKR/SYK3A2d7FZrgElol9UP1Kae90VVU4a6mxnPuLiIW1m4Cq4gZ/nWb9GrdVXJCoCazDAbg=="
  "resolved" "https://registry.npmjs.org/@types/node/-/node-18.7.18.tgz"
  "version" "18.7.18"

"commander@^9.4.0":
  "integrity" "sha512-sRPT+umqkz90UA8M1yqYfnHlZA7fF6nSphDtxeywPZ49ysjxDQybzk13CL+mXekDRG92skbcqCLVovuCusNmFw=="
  "resolved" "https://registry.npmjs.org/commander/-/commander-9.4.0.tgz"
  "version" "9.4.0"
